
Microsoft Visual Studio Solution File, Format Version 12.00
# Visual Studio Version 17
VisualStudioVersion = 17.11.35431.28
MinimumVisualStudioVersion = 10.0.40219.1
Project("{FAE04EC0-301F-11D3-BF4B-00C04F79EFBC}") = "Phoneword", "Phoneword\Phoneword.csproj", "{B4FD4C4B-5AB5-41F5-B27F-BAF329B3E297}"
EndProject
Global
	GlobalSection(SolutionConfigurationPlatforms) = preSolution
		Debug|Any CPU = Debug|Any CPU
		Release|Any CPU = Release|Any CPU
	EndGlobalSection
	GlobalSection(ProjectConfigurationPlatforms) = postSolution
		{B4FD4C4B-5AB5-41F5-B27F-BAF329B3E297}.Debug|Any CPU.ActiveCfg = Debug|Any CPU
		{B4FD4C4B-5AB5-41F5-B27F-BAF329B3E297}.Debug|Any CPU.Build.0 = Debug|Any CPU
		{B4FD4C4B-5AB5-41F5-B27F-BAF329B3E297}.Debug|Any CPU.Deploy.0 = Debug|Any CPU
		{B4FD4C4B-5AB5-41F5-B27F-BAF329B3E297}.Release|Any CPU.ActiveCfg = Release|Any CPU
		{B4FD4C4B-5AB5-41F5-B27F-BAF329B3E297}.Release|Any CPU.Build.0 = Release|Any CPU
		{B4FD4C4B-5AB5-41F5-B27F-BAF329B3E297}.Release|Any CPU.Deploy.0 = Release|Any CPU
	EndGlobalSection
	GlobalSection(SolutionProperties) = preSolution
		HideSolutionNode = FALSE
	EndGlobalSection
	GlobalSection(ExtensibilityGlobals) = postSolution
		SolutionGuid = {47E3930E-5949-4652-B044-5C4DFE93FF9C}
	EndGlobalSection
EndGlobal
